PODS:
  - Backtrace (1.5.6):
    - Backtrace-PLCrashReporter
  - Backtrace-PLCrashReporter (1.5.4)

DEPENDENCIES:
  - Backtrace

SPEC REPOS:
  trunk:
    - Backtrace
    - Backtrace-PLCrashReporter

SPEC CHECKSUMS:
  Backtrace: 90f5a8b6bc9d417a444ce62435bbda0c54fa8d89
  Backtrace-PLCrashReporter: 65b9aae5468bb6af6b55b88de22b49e031331054

PODFILE CHECKSUM: cbbf7f08687eb3aabe1d35026cd8a59789a269f8

COCOAPODS: 1.9.3
